# This file is generated by running "yarn install" inside your project.
# Manual changes might be lost - proceed with caution!

__metadata:
  version: 4
  cacheKey: 5

"@types/node@npm:*, @types/node@npm:^14.0.27":
  version: 14.0.27
  resolution: "@types/node@npm:14.0.27"
  checksum: 54ecf408eb94f44685e12ef395d8d9d5789cb9e209f171153b6b951272af6b8da099778d09d66454aa5d35ce246f3922ebd7476ed768bf3bd4267306c12a6703
  languageName: node
  linkType: hard

"@types/ws@npm:^7.2.6":
  version: 7.2.6
  resolution: "@types/ws@npm:7.2.6"
  dependencies:
    "@types/node": "*"
  checksum: 2f7c358c4b2798f1885c3edecf4b09ecfa35933eff0c37bf8b99eab722032db5c1ab9e26899d13f035a8cf1d92a681578016c8837c5e6725892c24ee10f2f63f
  languageName: node
  linkType: hard

"net@workspace:.":
  version: 0.0.0-use.local
  resolution: "net@workspace:."
  dependencies:
    "@types/node": ^14.0.27
    "@types/ws": ^7.2.6
    rxjs: ^6.6.2
    ws: ^7.3.1
  languageName: unknown
  linkType: soft

"rxjs@npm:^6.6.2":
  version: 6.6.2
  resolution: "rxjs@npm:6.6.2"
  dependencies:
    tslib: ^1.9.0
  checksum: 9b16cd36093b87ce454726f14783e204b80431e6657d36191877e4d9d4b0713c73e5ee8b45be336b081d47b10cd016b3812ea3bd4b27bf87942b1410aa18ee04
  languageName: node
  linkType: hard

"tslib@npm:^1.9.0":
  version: 1.13.0
  resolution: "tslib@npm:1.13.0"
  checksum: 5dc3bdaea3b67c76ef4a14c28fcb2171da7bcf292fd9c59a260098729626b1ce766c52b588f08e324ed9a0c52ea8a93a815920f980d75981abc9d850fbf310fb
  languageName: node
  linkType: hard

"ws@npm:^7.3.1":
  version: 7.3.1
  resolution: "ws@npm:7.3.1"
  peerDependencies:
    bufferutil: ^4.0.1
    utf-8-validate: ^5.0.2
  peerDependenciesMeta:
    bufferutil:
      optional: true
    utf-8-validate:
      optional: true
  checksum: 9302f1f6658c5f3ecd6d35d1c5a38ad708d8e5404cba66ad884ead072ef7a4c948f54d728649a2cb3af1865ca0e15f903e0e2ac9df30c1a0d4dd00d00e6e0d4a
  languageName: node
  linkType: hard
